{
  "name": "@yashxdev/commons",
  "version": "1.0.1",
  "lockfileVersion": 3,
  "requires": true,
  "packages": {
    "": {
      "name": "@yashxdev/commons",
      "version": "1.0.1",
      "license": "ISC",
      "dependencies": {
        "zod": "^3.25.51"
      }
    },
    "node_modules/zod": {
      "version": "3.25.51",
      "resolved": "https://registry.npmjs.org/zod/-/zod-3.25.51.tgz",
      "integrity": "sha512-TQSnBldh+XSGL+opiSIq0575wvDPqu09AqWe1F7JhUMKY+M91/aGlK4MhpVNO7MgYfHcVCB1ffwAUTJzllKJqg==",
      "license": "MIT",
      "funding": {
        "url": "https://github.com/sponsors/colinhacks"
      }
    }
  }
}
